
Microsoft Visual Studio Solution File, Format Version 12.00
# Visual Studio Version 16
VisualStudioVersion = 16.0.30503.244
MinimumVisualStudioVersion = 10.0.40219.1
Project("{FAE04EC0-301F-11D3-BF4B-00C04F79EFBC}") = "COMP_3514_CS_Calculator", "COMP_3514_CS_Calculator\COMP_3514_CS_Calculator.csproj", "{117FB1A1-0661-4ADB-90D7-A7677ABA848D}"
EndProject
Global
	GlobalSection(SolutionConfigurationPlatforms) = preSolution
		Debug|Any CPU = Debug|Any CPU
		Release|Any CPU = Release|Any CPU
	EndGlobalSection
	GlobalSection(ProjectConfigurationPlatforms) = postSolution
		{117FB1A1-0661-4ADB-90D7-A7677ABA848D}.Debug|Any CPU.ActiveCfg = Debug|Any CPU
		{117FB1A1-0661-4ADB-90D7-A7677ABA848D}.Debug|Any CPU.Build.0 = Debug|Any CPU
		{117FB1A1-0661-4ADB-90D7-A7677ABA848D}.Release|Any CPU.ActiveCfg = Release|Any CPU
		{117FB1A1-0661-4ADB-90D7-A7677ABA848D}.Release|Any CPU.Build.0 = Release|Any CPU
	EndGlobalSection
	GlobalSection(SolutionProperties) = preSolution
		HideSolutionNode = FALSE
	EndGlobalSection
	GlobalSection(ExtensibilityGlobals) = postSolution
		SolutionGuid = {FC0994C3-E167-4B9F-8B57-1E13708C0DDC}
	EndGlobalSection
EndGlobal
